
Microsoft Visual Studio Solution File, Format Version 12.00
Project("{FAE04EC0-301F-11D3-BF4B-00C04F79EFBC}") = "AzureEz.ServiceBus", "src\AzureEz.ServiceBus\AzureEz.ServiceBus.csproj", "{508D7B7E-F9E2-48A9-995B-D76805D01AD2}"
EndProject
Project("{2150E333-8FDC-42A3-9474-1A3956D46DE8}") = "src", "src", "{2BD9A100-595A-4DEE-8592-3B59AD2F200D}"
EndProject
Global
	GlobalSection(SolutionConfigurationPlatforms) = preSolution
		Debug|Any CPU = Debug|Any CPU
		Release|Any CPU = Release|Any CPU
	EndGlobalSection
	GlobalSection(ProjectConfigurationPlatforms) = postSolution
		{508D7B7E-F9E2-48A9-995B-D76805D01AD2}.Debug|Any CPU.ActiveCfg = Debug|Any CPU
		{508D7B7E-F9E2-48A9-995B-D76805D01AD2}.Debug|Any CPU.Build.0 = Debug|Any CPU
		{508D7B7E-F9E2-48A9-995B-D76805D01AD2}.Release|Any CPU.ActiveCfg = Release|Any CPU
		{508D7B7E-F9E2-48A9-995B-D76805D01AD2}.Release|Any CPU.Build.0 = Release|Any CPU
	EndGlobalSection
	GlobalSection(NestedProjects) = preSolution
		{508D7B7E-F9E2-48A9-995B-D76805D01AD2} = {2BD9A100-595A-4DEE-8592-3B59AD2F200D}
	EndGlobalSection
EndGlobal
